
Microsoft Visual Studio Solution File, Format Version 12.00
Project("{2150E333-8FDC-42A3-9474-1A3956D46DE8}") = "src", "src", "{AE22A348-4B3B-4794-A744-B06231EA9AA2}"
EndProject
Project("{FAE04EC0-301F-11D3-BF4B-00C04F79EFBC}") = "CredixAPI.Api", "src\CredixAPI.Api\CredixAPI.Api.csproj", "{DC72B7AE-E70F-4A8B-A571-E2FB81276E71}"
EndProject
Project("{FAE04EC0-301F-11D3-BF4B-00C04F79EFBC}") = "CredixAPI.Application", "src\CredixAPI.Application\CredixAPI.Application.csproj", "{FF9951E7-605D-428E-8325-D7072C099232}"
EndProject
Project("{FAE04EC0-301F-11D3-BF4B-00C04F79EFBC}") = "CredixAPI.Communication", "src\CredixAPI.Communication\CredixAPI.Communication.csproj", "{27225E72-210C-4C03-A6C9-E4B3360321B1}"
EndProject
Project("{FAE04EC0-301F-11D3-BF4B-00C04F79EFBC}") = "CredixAPI.Domain", "src\CredixAPI.Domain\CredixAPI.Domain.csproj", "{68183F6B-CC53-488D-89D2-E0A46641DB2A}"
EndProject
Project("{FAE04EC0-301F-11D3-BF4B-00C04F79EFBC}") = "CredixAPI.Exception", "src\CredixAPI.Exception\CredixAPI.Exception.csproj", "{87A18CCA-87E9-449E-AC38-AF4E7CC7C0DA}"
EndProject
Project("{FAE04EC0-301F-11D3-BF4B-00C04F79EFBC}") = "CredixAPI.Infrastructure", "src\CredixAPI.Infrastructure\CredixAPI.Infrastructure.csproj", "{7ECD5653-F0B0-4854-BA9B-4223AA35A719}"
EndProject
Global
	GlobalSection(SolutionConfigurationPlatforms) = preSolution
		Debug|Any CPU = Debug|Any CPU
		Release|Any CPU = Release|Any CPU
	EndGlobalSection
	GlobalSection(NestedProjects) = preSolution
		{DC72B7AE-E70F-4A8B-A571-E2FB81276E71} = {AE22A348-4B3B-4794-A744-B06231EA9AA2}
		{FF9951E7-605D-428E-8325-D7072C099232} = {AE22A348-4B3B-4794-A744-B06231EA9AA2}
		{27225E72-210C-4C03-A6C9-E4B3360321B1} = {AE22A348-4B3B-4794-A744-B06231EA9AA2}
		{68183F6B-CC53-488D-89D2-E0A46641DB2A} = {AE22A348-4B3B-4794-A744-B06231EA9AA2}
		{87A18CCA-87E9-449E-AC38-AF4E7CC7C0DA} = {AE22A348-4B3B-4794-A744-B06231EA9AA2}
		{7ECD5653-F0B0-4854-BA9B-4223AA35A719} = {AE22A348-4B3B-4794-A744-B06231EA9AA2}
	EndGlobalSection
	GlobalSection(ProjectConfigurationPlatforms) = postSolution
		{DC72B7AE-E70F-4A8B-A571-E2FB81276E71}.Debug|Any CPU.ActiveCfg = Debug|Any CPU
		{DC72B7AE-E70F-4A8B-A571-E2FB81276E71}.Debug|Any CPU.Build.0 = Debug|Any CPU
		{DC72B7AE-E70F-4A8B-A571-E2FB81276E71}.Release|Any CPU.ActiveCfg = Release|Any CPU
		{DC72B7AE-E70F-4A8B-A571-E2FB81276E71}.Release|Any CPU.Build.0 = Release|Any CPU
		{FF9951E7-605D-428E-8325-D7072C099232}.Debug|Any CPU.ActiveCfg = Debug|Any CPU
		{FF9951E7-605D-428E-8325-D7072C099232}.Debug|Any CPU.Build.0 = Debug|Any CPU
		{FF9951E7-605D-428E-8325-D7072C099232}.Release|Any CPU.ActiveCfg = Release|Any CPU
		{FF9951E7-605D-428E-8325-D7072C099232}.Release|Any CPU.Build.0 = Release|Any CPU
		{27225E72-210C-4C03-A6C9-E4B3360321B1}.Debug|Any CPU.ActiveCfg = Debug|Any CPU
		{27225E72-210C-4C03-A6C9-E4B3360321B1}.Debug|Any CPU.Build.0 = Debug|Any CPU
		{27225E72-210C-4C03-A6C9-E4B3360321B1}.Release|Any CPU.ActiveCfg = Release|Any CPU
		{27225E72-210C-4C03-A6C9-E4B3360321B1}.Release|Any CPU.Build.0 = Release|Any CPU
		{68183F6B-CC53-488D-89D2-E0A46641DB2A}.Debug|Any CPU.ActiveCfg = Debug|Any CPU
		{68183F6B-CC53-488D-89D2-E0A46641DB2A}.Debug|Any CPU.Build.0 = Debug|Any CPU
		{68183F6B-CC53-488D-89D2-E0A46641DB2A}.Release|Any CPU.ActiveCfg = Release|Any CPU
		{68183F6B-CC53-488D-89D2-E0A46641DB2A}.Release|Any CPU.Build.0 = Release|Any CPU
		{87A18CCA-87E9-449E-AC38-AF4E7CC7C0DA}.Debug|Any CPU.ActiveCfg = Debug|Any CPU
		{87A18CCA-87E9-449E-AC38-AF4E7CC7C0DA}.Debug|Any CPU.Build.0 = Debug|Any CPU
		{87A18CCA-87E9-449E-AC38-AF4E7CC7C0DA}.Release|Any CPU.ActiveCfg = Release|Any CPU
		{87A18CCA-87E9-449E-AC38-AF4E7CC7C0DA}.Release|Any CPU.Build.0 = Release|Any CPU
		{7ECD5653-F0B0-4854-BA9B-4223AA35A719}.Debug|Any CPU.ActiveCfg = Debug|Any CPU
		{7ECD5653-F0B0-4854-BA9B-4223AA35A719}.Debug|Any CPU.Build.0 = Debug|Any CPU
		{7ECD5653-F0B0-4854-BA9B-4223AA35A719}.Release|Any CPU.ActiveCfg = Release|Any CPU
		{7ECD5653-F0B0-4854-BA9B-4223AA35A719}.Release|Any CPU.Build.0 = Release|Any CPU
	EndGlobalSection
EndGlobal
